{
    "name": "server",
    "version": "1.0.0",
    "lockfileVersion": 1,
    "requires": true,
    "dependencies": {
        "@types/bson": {
            "version": "1.0.11",
            "resolved": "https://registry.npmjs.org/@types/bson/-/bson-1.0.11.tgz",
            "integrity": "sha512-j+UcCWI+FsbI5/FQP/Kj2CXyplWAz39ktHFkXk84h7dNblKRSoNJs95PZFRd96NQGqsPEPgeclqnznWZr14ZDA==",
            "requires": {
                "@types/node": "*"
            }
        },
        "@types/events": {
            "version": "1.2.0",
            "resolved": "https://registry.npmjs.org/@types/events/-/events-1.2.0.tgz",
            "integrity": "sha512-KEIlhXnIutzKwRbQkGWb/I4HFqBuUykAdHgDED6xqwXJfONCjF5VoE0cXEiurh3XauygxzeDzgtXUqvLkxFzzA=="
        },
        "@types/mongodb": {
            "version": "3.1.4",
            "resolved": "https://registry.npmjs.org/@types/mongodb/-/mongodb-3.1.4.tgz",
            "integrity": "sha512-C6vVOp2DzYiWpn0u+FuzHgkV1YdGlnLJfav8I2sKnOxSKxuLkzkZhNu7G4BWndKgujdDxgkECHhW+f6/wi+Exg==",
            "requires": {
                "@types/bson": "*",
                "@types/events": "*",
                "@types/node": "*"
            }
        },
        "@types/mongoose": {
            "version": "5.2.10",
            "resolved": "https://registry.npmjs.org/@types/mongoose/-/mongoose-5.2.10.tgz",
            "integrity": "sha512-1Q/Zm6+2KEdvzG3s8ZIr6ohVMlHV9zxQ1i8E7Nr+GxaDKMxxxpN+AK6gPPprQ6XeDM9GQimOR2waM08u6Cb6aw==",
            "requires": {
                "@types/events": "*",
                "@types/mongodb": "*",
                "@types/node": "*"
            }
        },
        "@types/node": {
            "version": "10.9.4",
            "resolved": "https://registry.npmjs.org/@types/node/-/node-10.9.4.tgz",
            "integrity": "sha512-fCHV45gS+m3hH17zgkgADUSi2RR1Vht6wOZ0jyHP8rjiQra9f+mIcgwPQHllmDocYOstIEbKlxbFDYlgrTPYqw=="
        }
    }
}
